
Microsoft Visual Studio Solution File, Format Version 12.00
# Visual Studio Version 16
VisualStudioVersion = 16.0.29709.97
MinimumVisualStudioVersion = 10.0.40219.1
Project("{9A19103F-16F7-4668-BE54-9A1E7A4F7556}") = "Trader", "Trader\Trader.csproj", "{35C6BB37-62BB-41F0-9571-98B72F086D46}"
EndProject
Project("{FAE04EC0-301F-11D3-BF4B-00C04F79EFBC}") = "Tests", "Tests\Tests.csproj", "{8A108B6B-BCE6-4123-99FE-321EB2AE2121}"
EndProject
Global
	GlobalSection(SolutionConfigurationPlatforms) = preSolution
		Debug|Any CPU = Debug|Any CPU
		Release|Any CPU = Release|Any CPU
	EndGlobalSection
	GlobalSection(ProjectConfigurationPlatforms) = postSolution
		{35C6BB37-62BB-41F0-9571-98B72F086D46}.Debug|Any CPU.ActiveCfg = Debug|Any CPU
		{35C6BB37-62BB-41F0-9571-98B72F086D46}.Debug|Any CPU.Build.0 = Debug|Any CPU
		{35C6BB37-62BB-41F0-9571-98B72F086D46}.Release|Any CPU.ActiveCfg = Release|Any CPU
		{35C6BB37-62BB-41F0-9571-98B72F086D46}.Release|Any CPU.Build.0 = Release|Any CPU
		{8A108B6B-BCE6-4123-99FE-321EB2AE2121}.Debug|Any CPU.ActiveCfg = Debug|Any CPU
		{8A108B6B-BCE6-4123-99FE-321EB2AE2121}.Debug|Any CPU.Build.0 = Debug|Any CPU
		{8A108B6B-BCE6-4123-99FE-321EB2AE2121}.Release|Any CPU.ActiveCfg = Release|Any CPU
		{8A108B6B-BCE6-4123-99FE-321EB2AE2121}.Release|Any CPU.Build.0 = Release|Any CPU
	EndGlobalSection
	GlobalSection(SolutionProperties) = preSolution
		HideSolutionNode = FALSE
	EndGlobalSection
	GlobalSection(ExtensibilityGlobals) = postSolution
		SolutionGuid = {D166F30A-A14C-4412-BBB4-2A87CAEE3BDF}
	EndGlobalSection
EndGlobal
