
Microsoft Visual Studio Solution File, Format Version 12.00
# Visual Studio Version 16
VisualStudioVersion = 16.0.29709.97
MinimumVisualStudioVersion = 10.0.40219.1
Project("{2150E333-8FDC-42A3-9474-1A3956D46DE8}") = "Prophets", "Prophets", "{D4E6F60B-77E2-4725-87BD-F539D0847A76}"
EndProject
Project("{2150E333-8FDC-42A3-9474-1A3956D46DE8}") = "Shared", "Shared", "{5FFCA4FC-B297-49A7-941D-CCB52255A3B4}"
EndProject
Project("{9A19103F-16F7-4668-BE54-9A1E7A4F7556}") = "Binance.Net", "..\Binance.Net\Binance.Net\Binance.Net.csproj", "{DD7844D2-35E9-44DE-9AF2-6CC8A6529864}"
EndProject
Project("{2150E333-8FDC-42A3-9474-1A3956D46DE8}") = "Secrets", "Secrets", "{543D92FB-A60E-4FC2-A045-CA25209A5F10}"
	ProjectSection(SolutionItems) = preProject
		binance.key = binance.key
	EndProjectSection
EndProject
Global
	GlobalSection(SolutionConfigurationPlatforms) = preSolution
		Debug|Any CPU = Debug|Any CPU
		Release|Any CPU = Release|Any CPU
	EndGlobalSection
	GlobalSection(ProjectConfigurationPlatforms) = postSolution
		{DD7844D2-35E9-44DE-9AF2-6CC8A6529864}.Debug|Any CPU.ActiveCfg = Debug|Any CPU
		{DD7844D2-35E9-44DE-9AF2-6CC8A6529864}.Debug|Any CPU.Build.0 = Debug|Any CPU
		{DD7844D2-35E9-44DE-9AF2-6CC8A6529864}.Release|Any CPU.ActiveCfg = Release|Any CPU
		{DD7844D2-35E9-44DE-9AF2-6CC8A6529864}.Release|Any CPU.Build.0 = Release|Any CPU
	EndGlobalSection
	GlobalSection(SolutionProperties) = preSolution
		HideSolutionNode = FALSE
	EndGlobalSection
	GlobalSection(NestedProjects) = preSolution
		{DD7844D2-35E9-44DE-9AF2-6CC8A6529864} = {5FFCA4FC-B297-49A7-941D-CCB52255A3B4}
	EndGlobalSection
	GlobalSection(ExtensibilityGlobals) = postSolution
		SolutionGuid = {D166F30A-A14C-4412-BBB4-2A87CAEE3BDF}
	EndGlobalSection
EndGlobal
